// !$*UTF8*$!
{
	archiveVersion = 1;
	classes = {
	};
	objectVersion = 50;
	objects = {

/* Begin PBXBuildFile section */
		18E86CA322F1D90C00F536DF /* AppDelegate.swift in Sources */ = {isa = PBXBuildFile; fileRef = 18E86CA222F1D90C00F536DF /* AppDelegate.swift */; };
		18E86CA522F1D90C00F536DF /* ViewController.swift in Sources */ = {isa = PBXBuildFile; fileRef = 18E86CA422F1D90C00F536DF /* ViewController.swift */; };
		18E86CA822F1D90C00F536DF /* Main.storyboard in Resources */ = {isa = PBXBuildFile; fileRef = 18E86CA622F1D90C00F536DF /* Main.storyboard */; };
		18E86CAB22F1D90C00F536DF /* womED_project.xcdatamodeld in Sources */ = {isa = PBXBuildFile; fileRef = 18E86CA922F1D90C00F536DF /* womED_project.xcdatamodeld */; };
		18E86CAD22F1D90D00F536DF /* Assets.xcassets in Resources */ = {isa = PBXBuildFile; fileRef = 18E86CAC22F1D90D00F536DF /* Assets.xcassets */; };
		18E86CB022F1D90D00F536DF /* LaunchScreen.storyboard in Resources */ = {isa = PBXBuildFile; fileRef = 18E86CAE22F1D90D00F536DF /* LaunchScreen.storyboard */; };
/* End PBXBuildFile section */

/* Begin PBXFileReference section */
		18E86C9F22F1D90C00F536DF /* womED_project.app */ = {isa = PBXFileReference; explicitFileType = wrapper.application; includeInIndex = 0; path = womED_project.app; sourceTree = BUILT_PRODUCTS_DIR; };
		18E86CA222F1D90C00F536DF /* AppDelegate.swift */ = {isa = PBXFileReference; lastKnownFileType = sourcecode.swift; path = AppDelegate.swift; sourceTree = "<group>"; };
		18E86CA422F1D90C00F536DF /* ViewController.swift */ = {isa = PBXFileReference; lastKnownFileType = sourcecode.swift; path = ViewController.swift; sourceTree = "<group>"; };
		18E86CA722F1D90C00F536DF /* Base */ = {isa = PBXFileReference; lastKnownFileType = file.storyboard; name = Base; path = Base.lproj/Main.storyboard; sourceTree = "<group>"; };
		18E86CAA22F1D90C00F536DF /* womED_project.xcdatamodel */ = {isa = PBXFileReference; lastKnownFileType = wrapper.xcdatamodel; path = womED_project.xcdatamodel; sourceTree = "<group>"; };
		18E86CAC22F1D90D00F536DF /* Assets.xcassets */ = {isa = PBXFileReference; lastKnownFileType = folder.assetcatalog; path = Assets.xcassets; sourceTree = "<group>"; };
		18E86CAF22F1D90D00F536DF /* Base */ = {isa = PBXFileReference; lastKnownFileType = file.storyboard; name = Base; path = Base.lproj/LaunchScreen.storyboard; sourceTree = "<group>"; };
		18E86CB122F1D90D00F536DF /* Info.plist */ = {isa = PBXFileReference; lastKnownFileType = text.plist.xml; path = Info.plist; sourceTree = "<group>"; };
/* End PBXFileReference section */

/* Begin PBXFrameworksBuildPhase section */
		18E86C9C22F1D90C00F536DF /* Frameworks */ = {
			isa = PBXFrameworksBuildPhase;
			buildActionMask = 2147483647;
			files = (
			);
			runOnlyForDeploymentPostprocessing = 0;
		};
/* End PBXFrameworksBuildPhase section */

/* Begin PBXGroup section */
		18E86C9622F1D90C00F536DF = {
			isa = PBXGroup;
			children = (
				18E86CA122F1D90C00F536DF /* womED_project */,
				18E86CA022F1D90C00F536DF /* Products */,
			);
			sourceTree = "<group>";
		};
		18E86CA022F1D90C00F536DF /* Products */ = {
			isa = PBXGroup;
			children = (
				18E86C9F22F1D90C00F536DF /* womED_project.app */,
			);
			name = Products;
			sourceTree = "<group>";
		};
		18E86CA122F1D90C00F536DF /* womED_project */ = {
			isa = PBXGroup;
			children = (
				18E86CA222F1D90C00F536DF /* AppDelegate.swift */,
				18E86CA422F1D90C00F536DF /* ViewController.swift */,
				18E86CA622F1D90C00F536DF /* Main.storyboard */,
				18E86CAC22F1D90D00F536DF /* Assets.xcassets */,
				18E86CAE22F1D90D00F536DF /* LaunchScreen.storyboard */,
				18E86CB122F1D90D00F536DF /* Info.plist */,
				18E86CA922F1D90C00F536DF /* womED_project.xcdatamodeld */,
			);
			path = womED_project;
			sourceTree = "<group>";
		};
/* End PBXGroup section */

/* Begin PBXNativeTarget section */
		18E86C9E22F1D90C00F536DF /* womED_project */ = {
			isa = PBXNativeTarget;
			buildConfigurationList = 18E86CB422F1D90D00F536DF /* Build configuration list for PBXNativeTarget "womED_project" */;
			buildPhases = (
				18E86C9B22F1D90C00F536DF /* Sources */,
				18E86C9C22F1D90C00F536DF /* Frameworks */,
				18E86C9D22F1D90C00F536DF /* Resources */,
			);
			buildRules = (
			);
			dependencies = (
			);
			name = womED_project;
			productName = womED_project;
			productReference = 18E86C9F22F1D90C00F536DF /* womED_project.app */;
			productType = "com.apple.product-type.application";
		};
/* End PBXNativeTarget section */

/* Begin PBXProject section */
		18E86C9722F1D90C00F536DF /* Project object */ = {
			isa = PBXProject;
			attributes = {
				LastSwiftUpdateCheck = 1020;
				LastUpgradeCheck = 1020;
				ORGANIZATIONNAME = KWK;
				TargetAttributes = {
					18E86C9E22F1D90C00F536DF = {
						CreatedOnToolsVersion = 10.2.1;
					};
				};
			};
			buildConfigurationList = 18E86C9A22F1D90C00F536DF /* Build configuration list for PBXProject "womED_project" */;
			compatibilityVersion = "Xcode 9.3";
			developmentRegion = en;
			hasScannedForEncodings = 0;
			knownRegions = (
				en,
				Base,
			);
			mainGroup = 18E86C9622F1D90C00F536DF;
			productRefGroup = 18E86CA022F1D90C00F536DF /* Products */;
			projectDirPath = "";
			projectRoot = "";
			targets = (
				18E86C9E22F1D90C00F536DF /* womED_project */,
			);
		};
/* End PBXProject section */

/* Begin PBXResourcesBuildPhase section */
		18E86C9D22F1D90C00F536DF /* Resources */ = {
			isa = PBXResourcesBuildPhase;
			buildActionMask = 2147483647;
			files = (
				18E86CB022F1D90D00F536DF /* LaunchScreen.storyboard in Resources */,
				18E86CAD22F1D90D00F536DF /* Assets.xcassets in Resources */,
				18E86CA822F1D90C00F536DF /* Main.storyboard in Resources */,
			);
			runOnlyForDeploymentPostprocessing = 0;
		};
/* End PBXResourcesBuildPhase section */

/* Begin PBXSourcesBuildPhase section */
		18E86C9B22F1D90C00F536DF /* Sources */ = {
			isa = PBXSourcesBuildPhase;
			buildActionMask = 2147483647;
			files = (
				18E86CA522F1D90C00F536DF /* ViewController.swift in Sources */,
				18E86CA322F1D90C00F536DF /* AppDelegate.swift in Sources */,
				18E86CAB22F1D90C00F536DF /* womED_project.xcdatamodeld in Sources */,
			);
			runOnlyForDeploymentPostprocessing = 0;
		};
/* End PBXSourcesBuildPhase section */

/* Begin PBXVariantGroup section */
		18E86CA622F1D90C00F536DF /* Main.storyboard */ = {
			isa = PBXVariantGroup;
			children = (
				18E86CA722F1D90C00F536DF /* Base */,
			);
			name = Main.storyboard;
			sourceTree = "<group>";
		};
		18E86CAE22F1D90D00F536DF /* LaunchScreen.storyboard */ = {
			isa = PBXVariantGroup;
			children = (
				18E86CAF22F1D90D00F536DF /* Base */,
			);
			name = LaunchScreen.storyboard;
			sourceTree = "<group>";
		};
/* End PBXVariantGroup section */

/* Begin XCBuildConfiguration section */
		18E86CB222F1D90D00F536DF /* Debug */ = {
			isa = XCBuildConfiguration;
			buildSettings = {
				ALWAYS_SEARCH_USER_PATHS = NO;
				CLANG_ANALYZER_NONNULL = YES;
				CLANG_ANALYZER_NUMBER_OBJECT_CONVERSION = YES_AGGRESSIVE;
				CLANG_CXX_LANGUAGE_STANDARD = "gnu++14";
				CLANG_CXX_LIBRARY = "libc++";
				CLANG_ENABLE_MODULES = YES;
				CLANG_ENABLE_OBJC_ARC = YES;
				CLANG_ENABLE_OBJC_WEAK = YES;
				CLANG_WARN_BLOCK_CAPTURE_AUTORELEASING = YES;
				CLANG_WARN_BOOL_CONVERSION = YES;
				CLANG_WARN_COMMA = YES;
				CLANG_WARN_CONSTANT_CONVERSION = YES;
				CLANG_WARN_DEPRECATED_OBJC_IMPLEMENTATIONS = YES;
				CLANG_WARN_DIRECT_OBJC_ISA_USAGE = YES_ERROR;
				CLANG_WARN_DOCUMENTATION_COMMENTS = YES;
				CLANG_WARN_EMPTY_BODY = YES;
				CLANG_WARN_ENUM_CONVERSION = YES;
				CLANG_WARN_INFINITE_RECURSION = YES;
				CLANG_WARN_INT_CONVERSION = YES;
				CLANG_WARN_NON_LITERAL_NULL_CONVERSION = YES;
				CLANG_WARN_OBJC_IMPLICIT_RETAIN_SELF = YES;
				CLANG_WARN_OBJC_LITERAL_CONVERSION = YES;
				CLANG_WARN_OBJC_ROOT_CLASS = YES_ERROR;
				CLANG_WARN_RANGE_LOOP_ANALYSIS = YES;
				CLANG_WARN_STRICT_PROTOTYPES = YES;
				CLANG_WARN_SUSPICIOUS_MOVE = YES;
				CLANG_WARN_UNGUARDED_AVAILABILITY = YES_AGGRESSIVE;
				CLANG_WARN_UNREACHABLE_CODE = YES;
				CLANG_WARN__DUPLICATE_METHOD_MATCH = YES;
				CODE_SIGN_IDENTITY = "iPhone Developer";
				COPY_PHASE_STRIP = NO;
				DEBUG_INFORMATION_FORMAT = dwarf;
				ENABLE_STRICT_OBJC_MSGSEND = YES;
				ENABLE_TESTABILITY = YES;
				GCC_C_LANGUAGE_STANDARD = gnu11;
				GCC_DYNAMIC_NO_PIC = NO;
				GCC_NO_COMMON_BLOCKS = YES;
				GCC_OPTIMIZATION_LEVEL = 0;
				GCC_PREPROCESSOR_DEFINITIONS = (
					"DEBUG=1",
					"$(inherited)",
				);
				GCC_WARN_64_TO_32_BIT_CONVERSION = YES;
				GCC_WARN_ABOUT_RETURN_TYPE = YES_ERROR;
				GCC_WARN_UNDECLARED_SELECTOR = YES;
				GCC_WARN_UNINITIALIZED_AUTOS = YES_AGGRESSIVE;
				GCC_WARN_UNUSED_FUNCTION = YES;
				GCC_WARN_UNUSED_VARIABLE = YES;
				IPHONEOS_DEPLOYMENT_TARGET = 12.2;
				MTL_ENABLE_DEBUG_INFO = INCLUDE_SOURCE;
				MTL_FAST_MATH = YES;
				ONLY_ACTIVE_ARCH = YES;
				SDKROOT = iphoneos;
				SWIFT_ACTIVE_COMPILATION_CONDITIONS = DEBUG;
				SWIFT_OPTIMIZATION_LEVEL = "-Onone";
			};
			name = Debug;
		};
		18E86CB322F1D90D00F536DF /* Release */ = {
			isa = XCBuildConfiguration;
			buildSettings = {
				ALWAYS_SEARCH_USER_PATHS = NO;
				CLANG_ANALYZER_NONNULL = YES;
				CLANG_ANALYZER_NUMBER_OBJECT_CONVERSION = YES_AGGRESSIVE;
				CLANG_CXX_LANGUAGE_STANDARD = "gnu++14";
				CLANG_CXX_LIBRARY = "libc++";
				CLANG_ENABLE_MODULES = YES;
				CLANG_ENABLE_OBJC_ARC = YES;
				CLANG_ENABLE_OBJC_WEAK = YES;
				CLANG_WARN_BLOCK_CAPTURE_AUTORELEASING = YES;
				CLANG_WARN_BOOL_CONVERSION = YES;
				CLANG_WARN_COMMA = YES;
				CLANG_WARN_CONSTANT_CONVERSION = YES;
				CLANG_WARN_DEPRECATED_OBJC_IMPLEMENTATIONS = YES;
				CLANG_WARN_DIRECT_OBJC_ISA_USAGE = YES_ERROR;
				CLANG_WARN_DOCUMENTATION_COMMENTS = YES;
				CLANG_WARN_EMPTY_BODY = YES;
				CLANG_WARN_ENUM_CONVERSION = YES;
				CLANG_WARN_INFINITE_RECURSION = YES;
				CLANG_WARN_INT_CONVERSION = YES;
				CLANG_WARN_NON_LITERAL_NULL_CONVERSION = YES;
				CLANG_WARN_OBJC_IMPLICIT_RETAIN_SELF = YES;
				CLANG_WARN_OBJC_LITERAL_CONVERSION = YES;
				CLANG_WARN_OBJC_ROOT_CLASS = YES_ERROR;
				CLANG_WARN_RANGE_LOOP_ANALYSIS = YES;
				CLANG_WARN_STRICT_PROTOTYPES = YES;
				CLANG_WARN_SUSPICIOUS_MOVE = YES;
				CLANG_WARN_UNGUARDED_AVAILABILITY = YES_AGGRESSIVE;
				CLANG_WARN_UNREACHABLE_CODE = YES;
				CLANG_WARN__DUPLICATE_METHOD_MATCH = YES;
				CODE_SIGN_IDENTITY = "iPhone Developer";
				COPY_PHASE_STRIP = NO;
				DEBUG_INFORMATION_FORMAT = "dwarf-with-dsym";
				ENABLE_NS_ASSERTIONS = NO;
				ENABLE_STRICT_OBJC_MSGSEND = YES;
				GCC_C_LANGUAGE_STANDARD = gnu11;
				GCC_NO_COMMON_BLOCKS = YES;
				GCC_WARN_64_TO_32_BIT_CONVERSION = YES;
				GCC_WARN_ABOUT_RETURN_TYPE = YES_ERROR;
				GCC_WARN_UNDECLARED_SELECTOR = YES;
				GCC_WARN_UNINITIALIZED_AUTOS = YES_AGGRESSIVE;
				GCC_WARN_UNUSED_FUNCTION = YES;
				GCC_WARN_UNUSED_VARIABLE = YES;
				IPHONEOS_DEPLOYMENT_TARGET = 12.2;
				MTL_ENABLE_DEBUG_INFO = NO;
				MTL_FAST_MATH = YES;
				SDKROOT = iphoneos;
				SWIFT_COMPILATION_MODE = wholemodule;
				SWIFT_OPTIMIZATION_LEVEL = "-O";
				VALIDATE_PRODUCT = YES;
			};
			name = Release;
		};
		18E86CB522F1D90D00F536DF /* Debug */ = {
			isa = XCBuildConfiguration;
			buildSettings = {
				ASSETCATALOG_COMPILER_APPICON_NAME = AppIcon;
				CODE_SIGN_STYLE = Automatic;
				INFOPLIST_FILE = womED_project/Info.plist;
				LD_RUNPATH_SEARCH_PATHS = (
					"$(inherited)",
					"@executable_path/Frameworks",
				);
				PRODUCT_BUNDLE_IDENTIFIER = "com.practice.womED-project";
				PRODUCT_NAME = "$(TARGET_NAME)";
				SWIFT_VERSION = 5.0;
				TARGETED_DEVICE_FAMILY = "1,2";
			};
			name = Debug;
		};
		18E86CB622F1D90D00F536DF /* Release */ = {
			isa = XCBuildConfiguration;
			buildSettings = {
				ASSETCATALOG_COMPILER_APPICON_NAME = AppIcon;
				CODE_SIGN_STYLE = Automatic;
				INFOPLIST_FILE = womED_project/Info.plist;
				LD_RUNPATH_SEARCH_PATHS = (
					"$(inherited)",
					"@executable_path/Frameworks",
				);
				PRODUCT_BUNDLE_IDENTIFIER = "com.practice.womED-project";
				PRODUCT_NAME = "$(TARGET_NAME)";
				SWIFT_VERSION = 5.0;
				TARGETED_DEVICE_FAMILY = "1,2";
			};
			name = Release;
		};
/* End XCBuildConfiguration section */

/* Begin XCConfigurationList section */
		18E86C9A22F1D90C00F536DF /* Build configuration list for PBXProject "womED_project" */ = {
			isa = XCConfigurationList;
			buildConfigurations = (
				18E86CB222F1D90D00F536DF /* Debug */,
				18E86CB322F1D90D00F536DF /* Release */,
			);
			defaultConfigurationIsVisible = 0;
			defaultConfigurationName = Release;
		};
		18E86CB422F1D90D00F536DF /* Build configuration list for PBXNativeTarget "womED_project" */ = {
			isa = XCConfigurationList;
			buildConfigurations = (
				18E86CB522F1D90D00F536DF /* Debug */,
				18E86CB622F1D90D00F536DF /* Release */,
			);
			defaultConfigurationIsVisible = 0;
			defaultConfigurationName = Release;
		};
/* End XCConfigurationList section */

/* Begin XCVersionGroup section */
		18E86CA922F1D90C00F536DF /* womED_project.xcdatamodeld */ = {
			isa = XCVersionGroup;
			children = (
				18E86CAA22F1D90C00F536DF /* womED_project.xcdatamodel */,
			);
			currentVersion = 18E86CAA22F1D90C00F536DF /* womED_project.xcdatamodel */;
			path = womED_project.xcdatamodeld;
			sourceTree = "<group>";
			versionGroupType = wrapper.xcdatamodel;
		};
/* End XCVersionGroup section */
	};
	rootObject = 18E86C9722F1D90C00F536DF /* Project object */;
}
